
Microsoft Visual Studio Solution File, Format Version 12.00
# Visual Studio Version 17
VisualStudioVersion = 17.7.34221.43
MinimumVisualStudioVersion = 10.0.40219.1
Project("{FAE04EC0-301F-11D3-BF4B-00C04F79EFBC}") = "LeaveManagement", "LeaveManagement.csproj", "{7CF19A81-3AB3-483F-9FEC-5ADCBCA8F533}"
EndProject
Global
	GlobalSection(SolutionConfigurationPlatforms) = preSolution
		Debug|Any CPU = Debug|Any CPU
		Release|Any CPU = Release|Any CPU
	EndGlobalSection
	GlobalSection(ProjectConfigurationPlatforms) = postSolution
		{7CF19A81-3AB3-483F-9FEC-5ADCBCA8F533}.Debug|Any CPU.ActiveCfg = Debug|Any CPU
		{7CF19A81-3AB3-483F-9FEC-5ADCBCA8F533}.Debug|Any CPU.Build.0 = Debug|Any CPU
		{7CF19A81-3AB3-483F-9FEC-5ADCBCA8F533}.Release|Any CPU.ActiveCfg = Release|Any CPU
		{7CF19A81-3AB3-483F-9FEC-5ADCBCA8F533}.Release|Any CPU.Build.0 = Release|Any CPU
	EndGlobalSection
	GlobalSection(SolutionProperties) = preSolution
		HideSolutionNode = FALSE
	EndGlobalSection
	GlobalSection(ExtensibilityGlobals) = postSolution
		SolutionGuid = {56479CDD-8A45-4ACE-A52B-773054358F6D}
	EndGlobalSection
EndGlobal
